{
  "version": 4,
  "terraform_version": "1.5.7",
  "serial": 1,
  "lineage": "08bb7aaa-1338-9439-5234-57f4f82e4cf6",
  "outputs": {},
  "resources": [
    {
      "mode": "managed",
      "type": "local_file",
      "name": "test_file",
      "provider": "provider[\"registry.terraform.io/hashicorp/local\"]",
      "instances": [
        {
          "schema_version": 0,
          "attributes": {
            "content": "test = Taanu",
            "content_base64": null,
            "content_base64sha256": "W04bO6v1+otSQMtM6ZHcdZ/56LEozEoT1WhFw7qarCc=",
            "content_base64sha512": "KS+3eG1QzHDMeujI1v70JtZ9+Irik3ySiGiwQ8ykfa5HecV5hBr+R2XtR0BzmZdWcfEqJ5WYoS21F0yDdh938w==",
            "content_md5": "46becee4c45876fc3d569c4bc6222031",
            "content_sha1": "4f126a391d8f682f531cd8741a579b07fef992b6",
            "content_sha256": "5b4e1b3babf5fa8b5240cb4ce991dc759ff9e8b128cc4a13d56845c3ba9aac27",
            "content_sha512": "292fb7786d50cc70cc7ae8c8d6fef426d67df88ae2937c928868b043cca47dae4779c579841afe4765ed47407399975671f12a279598a12db5174c83761f77f3",
            "directory_permission": "0777",
            "file_permission": "0777",
            "filename": "test_file.txt",
            "id": "4f126a391d8f682f531cd8741a579b07fef992b6",
            "sensitive_content": null,
            "source": null
          },
          "sensitive_attributes": []
        }
      ]
    }
  ],
  "check_results": null
}
